{
  "name": "ralph",
  "version": "1.0.0",
  "lockfileVersion": 3,
  "requires": true,
  "packages": {
    "": {
      "name": "ralph",
      "version": "1.0.0",
      "dependencies": {
        "@opencode-ai/sdk": "latest"
      },
      "bin": {
        "ralph": "ralph.js"
      }
    },
    "node_modules/@opencode-ai/sdk": {
      "version": "1.0.224",
      "resolved": "https://registry.npmjs.org/@opencode-ai/sdk/-/sdk-1.0.224.tgz",
      "integrity": "sha512-gODyWLDTaz38qISxRdJKsEiFqvJNcFzu4/awoSICIl8j8gx6qDxLsYWVp/ToO4LKXTvHMn8yyZpM3ZEdGhDC+g=="
    }
  }
}
