version: v2
locks:
  f/fatsecret/exercise_entries_get: ce8801b3382ebcf6a44e702727b70e4e8cc93cb1260449af1b0336f353511446
  f/fatsecret/exercise_entry_create: 1ba62bdcafd7d322de59174aaee37cf1352a17decd3f4bb030c8a11c0e0cbb72
  f/fatsecret/exercise_entry_delete: c0e0c6e67923ad79d7f7219bd3d20e40e7ccaaf94910d99f0380d0c1ad924e3a
  f/fatsecret/exercise_entry_edit: 0cb91f15b678660b8b1a4c933f6345948a69d01f1f80a50dd639e7510ec66fad
  f/fatsecret/exercise_month_summary: ea3806a73f4958a7b994576a0202591710a9942a8b87ff34e90901d6827b63a9
  f/fatsecret/food_add_favorite: ad346d9429eec5ce855e053ab55b548373b0a827dc6055e234760efb9e534216
  f/fatsecret/food_delete_favorite: 3b1f1e57933b06439533d4b0643669182a1d286121f25e68b9302d77642ee00e
  f/fatsecret/food_entries_get: 9a824a6978c5f62830130695e01aa8c0f54d087a929c2dc33e47407aa0769458
  f/fatsecret/food_entries_get_month: 1703a8ac26b95982fe913aac459c84d68e90d0c833a84a8c20327b99e4bad78d
  f/fatsecret/food_entry_create: 372336073f110defbc7681060c7029e40c3cd8b4112dd6cb4083de534fd80b28
  f/fatsecret/food_entry_delete: 94ecab5e8b30fc723c4490b1a43e3f4af38b22b968cead6cfcf1e47f367c32e9
  f/fatsecret/food_entry_edit: f789e709f000ccfd98a0c8cfb0e670040aa703f86ceea994faee98e8be92a0d5
  f/fatsecret/food_find_barcode: 5d28b1095830aca6c4562b3becdaad3169a4531e19c5079946d253c9807abeb8
  f/fatsecret/food_get: 46c80483028d1c47c903a2554366744e194919fcc7ccc8d9f921de23c3ad0f08
  f/fatsecret/foods_autocomplete: 1262b147d632eaeb30a20a63047e183454519cceae7ce1965303530dd2c42423
  f/fatsecret/foods_get_favorites: a29047f4e0afc7fbb90cee51ec8089e8b65b395d414ac5a1396e97cb99b25724
  f/fatsecret/foods_most_eaten: a0d7dd183f3dcfa9e5b1ec80fbb20de399595c205185ec3c2e9effde4b918e4f
  f/fatsecret/foods_recently_eaten: 1d591acf32a6869a6a20155c39e37c0e01686e2609c0e75695c433297ce2a17c
  f/fatsecret/foods_search: 779044dc7650feb9ee8c7d64cc26cb98a4a87642ae15c7d14c66f5aeab2f61e7
  f/fatsecret/get_profile: 91f8acb5fe7a5a7daf8c2c0a1d9fc271a904876c84679f464135bf17f620826f
  f/fatsecret/oauth_complete: 3ab89ee0e8de524520c8d807fffafe1b5771b04621996774d5f5c536f288c618
  f/fatsecret/oauth_start: 2f27e327d49525af76fea8db27a187d5e9099167fdbb5b3a55f6e39267a13977
  f/fatsecret/recipe_add_favorite: f95a4e3f77ad9ef8d5aeb68bb3d9c15dc945846d13d326ea9e795cc857b465be
  f/fatsecret/recipe_delete_favorite: 4cb7c4e3bac9b9773753e06c2e301cd7cc45f490f094eb24fc3e6ca5acd96faa
  f/fatsecret/recipe_get: 18a55f4ca55744c178f756cc137cab9389ceb6560dfce6189af4aacb9222b9b2
  f/fatsecret/recipe_types_get: d4d141a2c33ad47c5007862464ec6b1074d92047cdfc634dfa5b76b940a52866
  f/fatsecret/recipes_get_favorites: 6b8c9a06312062c97b22da67e7ac833e902b0bc6924d40b7432b5e0e72b9c734
  f/fatsecret/recipes_search: 8fe449da0cec8c6ea6fd3649e6efb4e4279e16349c06468abb3d429ca6e2d806
  f/fatsecret/saved_meals_create: 7aae4d86e809ab62866078bf7b0a2b1b46cad6c1eaa7b1b0ec0a7a8a01b6691c
  f/fatsecret/saved_meals_delete: 670226b7abaa10f8ac2b91d9ec60cefddf2e180f20bf93f7a3a4a2944e4fec85
  f/fatsecret/saved_meals_edit: ea87e4aa0f401f5fd7654c0849fdf3468f1388d34e85b5a99fae5023f3be1ec0
  f/fatsecret/saved_meals_get: 3c0ebd81ba68f37ed71f9d1016a33b4113bbc3da9b3381a21197c8676a43d3e6
  f/fatsecret/saved_meals_get_items: 90e1fc4f1de67be0570a6c57c32043d49bcd19920dbdfd806704a18637ded795
  f/fatsecret/weight_month_summary: 1b96a1a2108439e49a61b26b441c01fc01f11cd187a0ccd8078ae5419564a09c
  f/fatsecret/weight_update: 243f1b02aff1638479b0f7a61ea19deb389406f9756b4b9bd83fc34f40765aeb
  f/meal-planner/tandoor/test_auth: 89b144ce9bc1299da92ecad49c979e8183a9a8d474db0063eca50951c7b7d185
  f/meal-planner/tandoor/test_connection: eff3eb533097a5c26e1ba91ce72de0e23eb983917bb4c6cc8948a67cb2f53619
  f/tandoor/create_recipe: f8b934f3bb31433fe90ff092e0a0cbf55ba7482e16c28f32372cfad4df86938b
  f/tandoor/food_batch_update: 0fc4d0fb44ccd819d14e2d2441052c8657539e0189b95b8f87bc06c5de8737bd
  f/tandoor/food_create: 9c2c84ef71c277d8ee382f9820769f043403a4334d1c41b958fd9331462a6eab
  f/tandoor/food_delete: 86d0d63f192c84cbda81f004a8f1c98d9604345031afb13a73bf9e6a769f2125
  f/tandoor/food_get: 331356625a3341cd3e706892c3edba130a615552871000dc4d437f6bb8ea1826
  f/tandoor/food_list: 1f215c9103dc3988a60880ac310b6a92894aa44980be957247f5fa5f9c0e468b
  f/tandoor/food_update: f53a44a94ce8fd44e2068c4a4af760082cb518863830f79463bf9ecdca2a6c6e
  f/tandoor/ingredient_create: 43fbe0752c919cb2ed52acccfd8382061fabd2ce6282ea9a07376f9a5c69fc70
  f/tandoor/ingredient_delete: 0daaeacc7620a0d1f511586b2d71fef193f3f4f0c62cd2e008001606d05e80d8
  f/tandoor/ingredient_get: 98f119b0127e78919d6f8a42a9ef1bb502d4af48590f30895036a4f33e9dae7d
  f/tandoor/ingredient_list: 312054b02c0ffb1b807d68702bb163ce10184d44c71d1d78a2731f56f5030f9a
  f/tandoor/ingredient_update: 66b7cc6861a50ca22a600730fcccb01e562d5d5b54147675e0f9beda19c650f7
  f/tandoor/keyword_create: 8f291118724e0d55a00f911cf0d1853261f18021624a2a157575cb9e9cfbc38a
  f/tandoor/keyword_delete: fcd98adfb67e6df1bb898717a8cf77ef4df3dd9070bdaeafc87fa607ef33235e
  f/tandoor/keyword_list: c715e6dc4dc1ff0939dab1e0f6e3be020101c6d931bda43ba5db74dd026240f9
  f/tandoor/keyword_update: 5a2f0426653b7c8f3cac0e3370eb5def1af4fd004796f2a0602338450b50aacd
  f/tandoor/meal_plan_create: b981bf99021937b5f3d21780098f78c3d90dd61dc91a0aab0b4a180726d85f2b
  f/tandoor/meal_plan_delete: 10a57ad4ae189a6b76a2e0a68b4fedb8a6ff747cd269b64aa1ed98238f05e0f1
  f/tandoor/meal_plan_get: 91e520ffeed9196733284f8e304039f43ef5009a3e2731a05b8e2db3140ca41d
  f/tandoor/meal_plan_list: 91772e40d8e346ef31675826c765e51f9b4b32ee430019950b280231c8f36339
  f/tandoor/meal_plan_update: 52682e4dd082d0a49a7c070583cf5742f5aadd0b2e2760aad722cf8afe5d916b
  f/tandoor/meal_type_create: 44722679deea5e69a26483a1513cf1fe25ed992d3bde629ee3c60a7ea9a4055f
  f/tandoor/meal_type_delete: 42ab9869f9855f4839473cd28de6214872031bc4551c7bd103a53eefeecd1e7c
  f/tandoor/meal_type_get: be2e18f37540aa003ee5fb1eb2dd920e7d00a4e3fa218a3fce8078ad72c622ed
  f/tandoor/meal_type_list: 0178a917c20d7d83efdc0432e1483491be874d38929446a9a64e6825e6f388b9
  f/tandoor/meal_type_update: d07578b070a74b3db6c1dbf12fc2b048b3205908a7e6885c41ed185d1d260ae1
  f/tandoor/recipe_delete: 4fc302ab586128cacb7fd9f55e2ef437dbeb4d7d539c9c9d6ac883b3ce70c4fb
  f/tandoor/recipe_get: 0bcb3cce68929a25dce95602182878cc594ec8bb9900a9e8203badc71a136ede
  f/tandoor/recipe_get_related: 3c1de884135e5c69493d1de507635590282b19452b207453ec9268467120b7a2
  f/tandoor/recipe_list: e9f4b8659153c56fcd5aec103063be19a257592d7165952e9f1087f9f041a6d8
  f/tandoor/recipe_list_flat: 5f27406e9c6283c3f013ee73769504a58d2e64e35ebbba4aee75f61d6fdf1a8d
  f/tandoor/recipe_update: 5d0effd83aa07252949135329372dd5ec486a6f2320ca79c348b736d65b25585
  f/tandoor/recipe_upload_image: 475f776822b8f2f9c2c4fae6eb15252a617e38470defb2a7893721dda1dd7e3b
  f/tandoor/scrape_recipe: 6e8d556a9049d3190fc30b4aa7e57241217ab0b84c90859c65f29cbc62fb3534
  f/tandoor/shopping_list_entry_bulk: 6fe7951e71b646f8a13497a93122ae19027118e63f128c9cb922f6fcb63b4889
  f/tandoor/shopping_list_entry_create: da7a6f8d75074b398da08ada70cbdd9dd9a7b89a56d503767f8d056c3d2223bb
  f/tandoor/shopping_list_entry_delete: 87a4f73d124ec84cb00cf471e998be65fe0665a7a7f8f00ac55ae823355fbea7
  f/tandoor/shopping_list_entry_list: de3a130fb84cad5d5a9b32f8aa0cbd401ecbe7004ba49b33e3f4c9c25972898a
  f/tandoor/shopping_list_entry_update: 39c96c8b3af675e5cfef9ea0d53e33a158097a881a9993a7bacb2dd3adb5eb46
  f/tandoor/shopping_list_recipe_add: 36318177bd1aa26a7dce7498474e8431ea961af4a7a2ef11cb39d7e6c18c3436
  f/tandoor/shopping_list_recipe_delete: 2009e76b8e5b5cadab36f3cfe2faca9faec3fd4d3b4d145158194c3da26faf28
  f/tandoor/shopping_list_recipe_get: 5836c891e7fcb0ab553f8995191815999f7aab801bd4afcdaaa05cd2ba7e6d0d
  f/tandoor/space_get: ad11ee1a7e072b648e6e92adb52f30a6be6e2532944c9e20629437c68986db2f
  f/tandoor/space_list: 617ac4c80904c639c3c5675f781ffc163e77129edbcb4cac2e12f303c470890e
  f/tandoor/step_create: ea268b03ed925f60a06cc2d12b9f50ad757cbe451627b6de678609e8940ef942
  f/tandoor/step_delete: 6fafaeb597f8cad4f1fdb21f449a16771d4f1c6cc0c724f6003990ee365b2ac1
  f/tandoor/step_get: e93613cb1287cb0f743a3b8db664069351624ef76ec44f3518423c954088ba34
  f/tandoor/step_list: d455b85e22fb5559e5dec5e2a54d3735aff96160380d94ae573a5c2f0a383020
  f/tandoor/step_update: 5c463943514927f87e35ba892eefe8876ae24b9b5b2868359e14b2ee1ea547a3
  f/tandoor/supermarket_create: 1d9c0c8c192e5a5bb4a2b0bc50fe6a14af9a41712a767bd4b1b3982734ff8e27
  f/tandoor/supermarket_delete: 54381f8840a0a972d873c25406d35d16d6a809a01af5e77d1a62bdf54b03b524
  f/tandoor/supermarket_get: a618e541db03eb6e8b2fbb58e9b80c157c603792a6967c3cad188170051661aa
  f/tandoor/supermarket_list: b5835595914d1e37fb837e841bef574b2a608d821064242c5b951fe5d0520c19
  f/tandoor/supermarket_update: 96397414d9c10bea7024e28591ed371a5e1731e47ec158b73f3a2b8311a97784
  f/tandoor/test_connection: 88dff29ffe5831436bd4d653c8326724ce8484e3870c7502f1b19ee6248a8cac
  f/tandoor/unit_conversion_list: 796e09239bef66f6d14b187d370cbe808ed517bf690e71e2fea3da40571333a7
  f/tandoor/unit_create: 3ce200055e23ef29496c28da0b36e5f4ac06b8fdcf6377c6b4dba42d08c09b10
  f/tandoor/unit_delete: 0374e9e966934ea5a87af57348fae8f9ae13109f3dea45f5d961617052b9fd89
  f/tandoor/unit_get: 0e94982c856b9d18f470bee122de3718a50c1646b7bfa63f84fa7f687e0ac8d5
  f/tandoor/unit_list: ba98c3194a132fad1ecb865c5dcea3e579feeb1ddb123620796eeadce0f1ae92
  f/tandoor/unit_update: 721bd25d788125dd254fad4c7d5a614c70d77fe1c8c78b00be8450631abf48b6
  f/tandoor/user_get: 26e2aeb9ac2f3f9196fd33f962ec3c3337bf0aeab9d5bdbb370b2e69d2d52c74
  f/tandoor/user_list: 3c0ee8a2e79ca5ddac9ffc8fd8cc2788ee3cf4cba93f96ba8c7c786dbe99b7bf
