version: v2
locks:
  f/fatsecret/exercise_entries_get: 613ebd0c30925d3d02bdc7e55b88d148e32c3d9c46158b209f29233252eb7c8c
  f/fatsecret/exercise_entry_create: dcb754a9146e0c96887c0df40050d51108e6055b9fbf6acbd2adb11c19bf1e3f
  f/fatsecret/exercise_entry_delete: 0244fb41ea88e2f20b00bc22e24516b41af365c327561a67fce763bc02aea764
  f/fatsecret/exercise_entry_edit: 1e33865ea8a433832aba003b1f501c67c090534df420ec0e76055244869b014f
  f/fatsecret/exercise_month_summary: 25e3aa459ed1ad583b373100e1d3d3b6db74090008f5a464df05a722c4b4ad3d
  f/fatsecret/food_add_favorite: a46d1af654eb635c86fbaa8a55be390dbee895e8ade95b73086bc0eb80ba22a2
  f/fatsecret/food_delete_favorite: 7b4464f3d022b8ce2ad93c9242f39365bbd169d096e30954f0f7b59d3ecd3654
  f/fatsecret/food_entries_get: 48ba0b3a2d36a5bd12c2a6b24f46e79d9203f47fa02137323caa291d73c9d94a
  f/fatsecret/food_entries_get_month: b0e21b3c2f8538e2be572cc901e1d9496e19e9136951b2a7a533deb4886b9f2b
  f/fatsecret/food_entry_create: 0c074e6bd2b9a0554dac9d54571242b55e8fc122fd893cc60fd861a3bc9830d4
  f/fatsecret/food_entry_delete: dcfa28529768bfb4ec9187b77d4a79c3d01a891c9dc05ec125c77da1b340fc3f
  f/fatsecret/food_entry_edit: 8cd1bd7ced2f1453ad74b25cbadbd29da0b15a32eb5ccb8c7118dac284cea8b9
  f/fatsecret/food_find_barcode: c9c42ca6902a4086448ccdfc50e21c96d7ec86304560971adb8fec7f28f3623f
  f/fatsecret/food_get: aee31bb749c4837b97858e13b3d420d3ee9b307bffa28444053b5bacb3b47e1f
  f/fatsecret/foods_autocomplete: 286625685343ca57a25bf22d585b5918148f0420e3e68cb1c2442f26410cba69
  f/fatsecret/foods_get_favorites: 49ce813f03da6cbc97c93e0683be256f98aa4c7056feef8c823aa149f870b152
  f/fatsecret/foods_most_eaten: cc607333f54e173faa6d5b3a29f72ccb9abc4132a3cb2a51ddcf03ccafc8064f
  f/fatsecret/foods_recently_eaten: f64dd27055f8c7821d0c9ce9980f4945f8549e92063e36b8a7be840778ae174b
  f/fatsecret/foods_search: f1dee4fdcf9275753e2652f6cc7651b1a00a0a56d85373b99012252250699e93
  f/fatsecret/get_profile: ec9e622bb995f2e84a02e1f2cac687fc5b59885cb1efd20da9e017b49245c74e
  f/fatsecret/oauth_complete: 840a68b41a25ab0d3601c774d61ee4139ce480364d359f855cfbded9ad5c40a7
  f/fatsecret/oauth_start: 9899bdfc28738a52583a31a1b14c6febfa386607cd2ae3ae2680987c8cacc4a3
  f/fatsecret/recipe_add_favorite: a6aa175a17d9927b0c35115f4dceeba0df666001bd6d273b75575319597c8492
  f/fatsecret/recipe_delete_favorite: 69d51c4964a7c00b285748a0b677f7d4671427bba124e37f1e525c969700c930
  f/fatsecret/recipe_get: 1d1ce68bb233535bca42c6ff7632f78ba055d0bdc316c0fc3f52ea5ac6a4389d
  f/fatsecret/recipe_types_get: 3e3bb93671b34434640616d656b101d24f89ff8c4e91c379717316d1f6f131e4
  f/fatsecret/recipes_get_favorites: ddedd08c227502c832bc7161e230d58399ce384963165339fca20715942fb7fb
  f/fatsecret/recipes_search: 8e07e08ade0d27d2eac4a520d672f1518771d3ec4189a5dd7de1970a04aaa932
  f/fatsecret/saved_meals_create: 69cd4a72d9471e01d0802fee8b287d64afbdc590045afc6b0f5e4f0e6eecc9ab
  f/fatsecret/saved_meals_delete: a14adf069dd99e16b7c1e0dc67cbafc16d31a06cc97766e68c321028cd34ce6a
  f/fatsecret/saved_meals_edit: 8c3fc092d639975a8263067778fb1a673d6ad9026c67167c139aa8e805bf0041
  f/fatsecret/saved_meals_get: e349ef0493505771b81d780a83780ff5782016572b5cc279a592a075561b9193
  f/fatsecret/saved_meals_get_items: 716839d670bc162b7086b5a967f28c9e6cc07dcdb8e37ccb46a974db2ab8f233
  f/fatsecret/weight_month_summary: 743a4057c8ee82e8390f60bbb0c545ec1d09d415c58024b911fb95a6e33ad530
  f/fatsecret/weight_update: 656ef1da191ffc28ee1d1036f3f315d5eb599f9b5f26f1db82a5a86a37c3038f
  f/meal-planner/tandoor/test_auth: 89b144ce9bc1299da92ecad49c979e8183a9a8d474db0063eca50951c7b7d185
  f/meal-planner/tandoor/test_connection: eff3eb533097a5c26e1ba91ce72de0e23eb983917bb4c6cc8948a67cb2f53619
  f/tandoor/ai_import: 8a3e8f5411e9ca253af19aad78aa23fdee42b18df38d95ade649b41214210a2b
  f/tandoor/create_recipe: 611d761f71b4a6dfb2e5d68107bf53e4cb7f453ce5b7fb6392dc5104bdcbf1db
  f/tandoor/food_batch_update: 347e9b0609c4c17ad54a2247990f61514a58d5fb058d732128cc7b62926b5a8e
  f/tandoor/food_create: e811626055e6c7b26d9652bd9c4e8a6f7f8f5663e23d5873f44f5ab43afd6169
  f/tandoor/food_delete: b099dd35ad42d871c26a4fe7220bdf25d239ddfe4b7506fcf6107ff3d21a0519
  f/tandoor/food_get: 5ad7ed888a9555bce765601dc315366c1775e9ce05eb9dd0bfe7dd2b1fd926c3
  f/tandoor/food_list: 3029c8289bd49e368c774daaa772582c755066469805599e70ae5c8457b6369c
  f/tandoor/food_update: cf7b69934abd5aab663bdc257384cbfadff1e2b6ed8d6ded6aafd0776c323524
  f/tandoor/format_meal_plan_output: 3e9679cca6d85b928225c87da303591f6ec15cd1afcca79f18fcacd711022750
  f/tandoor/ingredient_create: 62be60c8f057211d9f64047220519a961b0fd60444bbc40621bc51b5ce4b7643
  f/tandoor/ingredient_delete: 3bc1b26e4a5c28206cde17ce755cd6f3f04bbab4e6286b0b98dea1bc38a52902
  f/tandoor/ingredient_from_string: 22dee15c6fc9db3a140932ba45490f9bbab7472332dd719eeec7c196a540769a
  f/tandoor/ingredient_get: 048bd08a2fa5c0a5d239f1a0de1d450cb00775f468cabdc36a91f6f7fe04e9ea
  f/tandoor/ingredient_list: 14281fbf9972f78eb59c90d1b4d776aeb40ebe93be5e41a2da3627a6055bbed8
  f/tandoor/ingredient_update: ed21e7480678cc19d4c949b37ada4815ee87f3ec8c519d7600e0fed9fe7dbdf4
  f/tandoor/keyword_create: 09e9425cf8fcf726533b99ab02d7f86c9161babccd0ba52b0820773c5cd71dda
  f/tandoor/keyword_delete: b0d36a5dd656d274f584fc599c0d832ea9e5c19b2e6b06b242bbbc835c570084
  f/tandoor/keyword_get: 1c24b25704c2c6d9397bc5fc7f9f51b8fc81f93a500c67680bdf15ac1b3e2f17
  f/tandoor/keyword_list: c5ce5ba48b77a5cd69611a030d059e13423ae130a7777d9427131c7a4e329c60
  f/tandoor/keyword_update: 68e34bd7022c6e8f694fd7aedd57b66bbfce474b124232a18f62dd015bdf4365
  f/tandoor/meal_plan_create: 81148d5ab18d0e36a802d90f58652c2a59b757755fdb596438fbd6e29b8c611b
  f/tandoor/meal_plan_delete: 17cbc0166453f620526ad4af9969cc25bac236c3aa490c84d7971f0d22caffbe
  f/tandoor/meal_plan_export_ical: 0ed83b388b96512dbf62c26516cde7611ae89cebb2fd32091b1aa14036819363
  f/tandoor/meal_plan_get: aad791f475403f593ca8e0787ca6384dc62229adf8c4a6b3bd06cc7f610fedbf
  f/tandoor/meal_plan_list: 1c04105b380dfce0c55687f24d60bced6af42f6b599666492273dcb96bbd37e0
  f/tandoor/meal_plan_update: 7381ab73963142f5aa830df7f33d5a103cdcad368d3a02d7021c66a658943260
  f/tandoor/meal_type_create: 52f6be8b23ec85bf976c47b134822671a4ed2bc06284365ca214ca6111458db5
  f/tandoor/meal_type_delete: 7e21c5359c901ad858084e2b28327e375823ca805fb282e1e35d9c2be1f3c098
  f/tandoor/meal_type_get: 46667fe16a48fc102bff5776450d6e48408aeed8d496a3e2cca0d7b2daf619e5
  f/tandoor/meal_type_list: 38bdce8ace63cb784bc13e15a524d11e28c10351ced02a2b11c46764279f922a
  f/tandoor/meal_type_update: 61062c57b0e3f919f6e21e492a9a1199c83dcfd35be02f8472cd88f665d639b3
  f/tandoor/property_create: 3308cd2841cdc35ea00791eec988f33317faff5d8620aac16378a6edf37e03d4
  f/tandoor/property_delete: 44cec0a1014bfc063e6bbc752b4bbb15dea98294fb9184e1078f9ba3b2107003
  f/tandoor/property_get: f3c7976a73c5788ef91e63cae43c0806712c03cbc73437e19a4041badef1fa99
  f/tandoor/property_list: bd5f9e14a8971b75dccda8179b941fc309c022dfb68f3668808fcc86c8785cae
  f/tandoor/property_type_create: e797cc7ab315e8213856eaf3c5dad16a538f946fd73b4f8e336f998ac9d6fed7
  f/tandoor/property_type_delete: 84e5030e5264ca9c0d548b43a3dc31be585fe2b75a9b01d383592332f0c3a4c0
  f/tandoor/property_type_get: ff03b596c6e007a40d6a2accf945126d48134cca92cb2932ed015197e802b3e9
  f/tandoor/property_type_list: 5b7ef1f00e576089b2a0eda57e8c28fae9f67303e6991961b06ac20f36c7b261
  f/tandoor/property_type_update: af7ead9e7becb372d88677748d5c7083184c5cf1dde1fed4a9781d69abab5313
  f/tandoor/property_update: a8e534dafa5fb61e177b128e2d4bf04c8a265b2584ea98998c89c3f4e3545899
  f/tandoor/recipe_batch_update: 65a0b5a62dfa53d2273e0297d83a63fb4e813f3c5f5ee106cd1826beaa6b2179
  f/tandoor/recipe_book_create: ee75ef7b51f93794ed95a0b9c0223681d802f7ce38d2a43175b96cc4577416b2
  f/tandoor/recipe_book_delete: 58163b32a5de2915f48922e79c9a9eebaf3c35f11e37d84232fa8e46f19b7009
  f/tandoor/recipe_book_entry_create: 0eaa158bdd4cb92f41be5a9d6fb25b5e423a612776fc190fb485fc8726fe7978
  f/tandoor/recipe_book_entry_delete: 15049ff313e6e636c947fcb09668b921de87f305407016bbfd3738c7aa7b95be
  f/tandoor/recipe_book_entry_get: 6e980808e8c03448c46c95f5f3f395a393057df39d815cd0b800a174690c5d7a
  f/tandoor/recipe_book_entry_list: c174c28637cad11eec44d70b5983b0b1c2910028beef03fe9157331aefcce88b
  f/tandoor/recipe_book_get: e81bf2b1a36ed5a4bd4b9792dac36ccb34ec4cb8b75aa09920ce2e7f902b72bb
  f/tandoor/recipe_book_list: f5747cd8647202eb6bd85f76ffced9c52629ec8b39193d789adea64632b79598
  f/tandoor/recipe_book_update: 506d15adff02ba907948b6c3da15d9159b46f51775eeb2a268d9b30278dd16a5
  f/tandoor/recipe_delete: 7e63424236c87f876a7ad4d07e9b68bcea4fa58cd66d309cc1ed8360c56294f1
  f/tandoor/recipe_get: 461b952d9ed5ee4ec8057fbb25c8e0d6dd58c9c190e347ac3a87fc097a60cb4a
  f/tandoor/recipe_get_related: 0b56f4bce6883ba6f7923046d80f77f818a248dc8cce59d1e710d1eb9911e510
  f/tandoor/recipe_list: 8fcc2e002b2487d6710f452c1fd5bd9a4ef01fb2bfaaaa3601eef519d5a910f6
  f/tandoor/recipe_list_flat: 4c80907513df0db17f1dbaddde6e3b0c95dc5bd33c733ee8afbadaead76cf72c
  f/tandoor/recipe_random_select: 9bd1fda337186f040a1cb914306ba7aef26107746c123c969affa653acf23642
  f/tandoor/recipe_update: 97d42b5cd68bdeb4cbbaba1127b3aec018b22f02bbb0a8a1b9089d8c73982683
  f/tandoor/recipe_upload_image: 341febb171523ea98373d80da9a54595c13a96225005187afb05dde66da5c042
  f/tandoor/scrape_recipe: d4539edb39d7cb7dcf7dad1888c7517cdfba821fa0e8fa33b2c2760448e8162b
  f/tandoor/shopping_list_entry_bulk: b38ba8f8a98300e624fffbf98dcc770481d2efefef11b3a88db1eb78f3605a49
  f/tandoor/shopping_list_entry_create: b131c39035ac08cb52e6a534c89080b309118026aaaa02f7182fb129fc6d37d0
  f/tandoor/shopping_list_entry_delete: 0111132345a9b64649fe5bb912dc22d7e315f5352f1e14bf0498a11973e78a9c
  f/tandoor/shopping_list_entry_list: b9cc2eda610a583e019e8804bb49694181553dc7f29fbd16257b7637ff2723f0
  f/tandoor/shopping_list_entry_update: 5097297c4e5bc2e3b4d0e3f147b0247222a68d93b85c188c611ef68f76377f55
  f/tandoor/shopping_list_recipe_add: ec30a9fe3347390147deaa92ce75ed8a2386b4742aaf1f7d6922a51fa05de8d4
  f/tandoor/shopping_list_recipe_delete: ee634b78fde82ebc4d5de8dad29cb8c58e762e7922124417351c0ac16b5a7cb8
  f/tandoor/shopping_list_recipe_get: 85313399834e01f791c961c25d17143498c92e6df09812d42666410796bf67d1
  f/tandoor/space_get: 48ae4ddb53cd7ee1e205c1f1cfbfe6e46f78ccf0769887a76f1994b071c57525
  f/tandoor/space_list: a2f0dcb86a38bb3d7531f3fd02d4d32b037c7546d4914c7daea24af9a5cf5f28
  f/tandoor/step_create: 3bb59aa0b1291f29a3ebcc490437717446470920c00e6d202850784ca7c75fc8
  f/tandoor/step_delete: e118326efffefcf7b7b1d4b52954e4b86a39da21ff7766dcb088386084dec04e
  f/tandoor/step_get: 9fbd9ade93587ce87d116eaded63f78e478559b9afb1049e69c6dcfc18ac365c
  f/tandoor/step_list: 92e00481ae698d82b961e1646af41cc5504b8cd5b0fcf17f7217459dfd6cc469
  f/tandoor/step_update: 659870411ef0403d6034e95582597f7f628206217613f8e38f00e47bae152e29
  f/tandoor/supermarket_create: ce63ece66873ca38d8e4efd49e293ef02f6a24ed376d0ce79c3df94c097846ba
  f/tandoor/supermarket_delete: 0ff353bf7dd07549172a74362f6783169ef0fb809dacf395c547e83eef29f97f
  f/tandoor/supermarket_get: 3195a84f235a30b7f6fd0ead5e7ed93dd42f68dc6efd7bd454809b3d00884b00
  f/tandoor/supermarket_list: 8cf13de12e65ab3cbb5819a32f02ee61aaad8cb78c1d4ea4c1ff127078043a47
  f/tandoor/supermarket_update: d64aed47eb3d81850f4b88dd98650f8f0744ba4e25b06ac5e07a685e1f19adc4
  f/tandoor/test_connection: 8da5b4b440f51f7024ed9bcdaa147ceeda93f31d797b1b97b7c41a75334380ba
  f/tandoor/unit_conversion_list: 99721c60dea64d9e13810900d19368bf369a51677dc460ad38c9ddc294046d0c
  f/tandoor/unit_create: 24674a9f9b0ab07563dfb3e34976504947596062192de5891c936c7536d9c7be
  f/tandoor/unit_delete: 73126021df26a6e18485fada6d437801e7e78f37153f4762c00b5c16254bfdc9
  f/tandoor/unit_get: 3f9f40e645facd5f7ccd5716051f72cfd04bb167f9cb2c23d97a9ab19ee93fb7
  f/tandoor/unit_list: 3f5d9984a8fb29871b446e05d10446a1a557d005f6d03866a4b19f36f2ea4d8b
  f/tandoor/unit_update: 6a686b38ac66051821ccefaa6e2e40cbb7121eaac66950365b88e54be9540ec9
  f/tandoor/user_get: 9a0764d5b33ce41504b7b17a7eec07d86106aba1996ade43afe974ed9fc66ce7
  f/tandoor/user_list: 3ab2f9d06249f3c9ff319c33263ea10e7fac1445bf1160ee127227d35cf02333
